
Microsoft Visual Studio Solution File, Format Version 12.00
# Visual Studio Version 17
VisualStudioVersion = 17.4.33213.308
MinimumVisualStudioVersion = 10.0.40219.1
Project("{FAE04EC0-301F-11D3-BF4B-00C04F79EFBC}") = "CaptionsConverter", "CaptionsConverter.csproj", "{735A59AB-BA46-4F25-A630-431C3862D054}"
EndProject
Global
	GlobalSection(SolutionConfigurationPlatforms) = preSolution
		Debug|Any CPU = Debug|Any CPU
		Release|Any CPU = Release|Any CPU
	EndGlobalSection
	GlobalSection(ProjectConfigurationPlatforms) = postSolution
		{735A59AB-BA46-4F25-A630-431C3862D054}.Debug|Any CPU.ActiveCfg = Debug|Any CPU
		{735A59AB-BA46-4F25-A630-431C3862D054}.Debug|Any CPU.Build.0 = Debug|Any CPU
		{735A59AB-BA46-4F25-A630-431C3862D054}.Release|Any CPU.ActiveCfg = Release|Any CPU
		{735A59AB-BA46-4F25-A630-431C3862D054}.Release|Any CPU.Build.0 = Release|Any CPU
	EndGlobalSection
	GlobalSection(SolutionProperties) = preSolution
		HideSolutionNode = FALSE
	EndGlobalSection
	GlobalSection(ExtensibilityGlobals) = postSolution
		SolutionGuid = {4537691A-8A07-4E24-B60B-98447E37743A}
	EndGlobalSection
EndGlobal
